
Microsoft Visual Studio Solution File, Format Version 12.00
# Visual Studio 15
VisualStudioVersion = 15.0.27703.2018
MinimumVisualStudioVersion = 10.0.40219.1
Project("{FAE04EC0-301F-11D3-BF4B-00C04F79EFBC}") = "UE4AudioDebugger", "UE4AudioDebugger\UE4AudioDebugger.csproj", "{70B9341F-B91E-4E2F-935D-45D1C93B8E05}"
EndProject
Global
	GlobalSection(SolutionConfigurationPlatforms) = preSolution
		Debug|Any CPU = Debug|Any CPU
		Release|Any CPU = Release|Any CPU
	EndGlobalSection
	GlobalSection(ProjectConfigurationPlatforms) = postSolution
		{70B9341F-B91E-4E2F-935D-45D1C93B8E05}.Debug|Any CPU.ActiveCfg = Debug|Any CPU
		{70B9341F-B91E-4E2F-935D-45D1C93B8E05}.Debug|Any CPU.Build.0 = Debug|Any CPU
		{70B9341F-B91E-4E2F-935D-45D1C93B8E05}.Release|Any CPU.ActiveCfg = Release|Any CPU
		{70B9341F-B91E-4E2F-935D-45D1C93B8E05}.Release|Any CPU.Build.0 = Release|Any CPU
	EndGlobalSection
	GlobalSection(SolutionProperties) = preSolution
		HideSolutionNode = FALSE
	EndGlobalSection
	GlobalSection(ExtensibilityGlobals) = postSolution
		SolutionGuid = {7A2107CF-D33E-43F0-ADD3-1AC8FA1E9FDA}
	EndGlobalSection
EndGlobal
